repo_role: DERIVED_ENGINEERING
authority_source: ../sigma-lora-covenant/COVENANT_LOCK.yaml
mutation_policy: ALLOWED_ONLY_WITH_NEW_GENESIS
binding: STRUCTURAL_ONLY

subordination:
  - Orthogonal repo may evolve
  - Cannot redefine covenant reality
  - Changes must not violate covenant principles
  - All modifications subject to covenant hash verification

timestamp: 2026-02-07T07:38:44Z
